
Microsoft Visual Studio Solution File, Format Version 12.00
# Visual Studio Version 17
VisualStudioVersion = 17.10.35122.118
MinimumVisualStudioVersion = 10.0.40219.1
Project("{FAE04EC0-301F-11D3-BF4B-00C04F79EFBC}") = "ModelsInASPCore", "ModelsInASPCore\ModelsInASPCore.csproj", "{9D06FB1C-5DC1-4E65-86F3-A4BD20EB5927}"
EndProject
Global
	GlobalSection(SolutionConfigurationPlatforms) = preSolution
		Debug|Any CPU = Debug|Any CPU
		Release|Any CPU = Release|Any CPU
	EndGlobalSection
	GlobalSection(ProjectConfigurationPlatforms) = postSolution
		{9D06FB1C-5DC1-4E65-86F3-A4BD20EB5927}.Debug|Any CPU.ActiveCfg = Debug|Any CPU
		{9D06FB1C-5DC1-4E65-86F3-A4BD20EB5927}.Debug|Any CPU.Build.0 = Debug|Any CPU
		{9D06FB1C-5DC1-4E65-86F3-A4BD20EB5927}.Release|Any CPU.ActiveCfg = Release|Any CPU
		{9D06FB1C-5DC1-4E65-86F3-A4BD20EB5927}.Release|Any CPU.Build.0 = Release|Any CPU
	EndGlobalSection
	GlobalSection(SolutionProperties) = preSolution
		HideSolutionNode = FALSE
	EndGlobalSection
	GlobalSection(ExtensibilityGlobals) = postSolution
		SolutionGuid = {5F3AA687-4DC5-4C95-9D9C-77710FD67810}
	EndGlobalSection
EndGlobal
