
Microsoft Visual Studio Solution File, Format Version 12.00
# Visual Studio Version 17
VisualStudioVersion = 17.10.35122.118
MinimumVisualStudioVersion = 10.0.40219.1
Project("{FAE04EC0-301F-11D3-BF4B-00C04F79EFBC}") = "CodefirstASPCore", "CodefirstASPCore.csproj", "{1A9A66EE-8FE1-4FFE-B62F-F3AD6B33D4B3}"
EndProject
Global
	GlobalSection(SolutionConfigurationPlatforms) = preSolution
		Debug|Any CPU = Debug|Any CPU
		Release|Any CPU = Release|Any CPU
	EndGlobalSection
	GlobalSection(ProjectConfigurationPlatforms) = postSolution
		{1A9A66EE-8FE1-4FFE-B62F-F3AD6B33D4B3}.Debug|Any CPU.ActiveCfg = Debug|Any CPU
		{1A9A66EE-8FE1-4FFE-B62F-F3AD6B33D4B3}.Debug|Any CPU.Build.0 = Debug|Any CPU
		{1A9A66EE-8FE1-4FFE-B62F-F3AD6B33D4B3}.Release|Any CPU.ActiveCfg = Release|Any CPU
		{1A9A66EE-8FE1-4FFE-B62F-F3AD6B33D4B3}.Release|Any CPU.Build.0 = Release|Any CPU
	EndGlobalSection
	GlobalSection(SolutionProperties) = preSolution
		HideSolutionNode = FALSE
	EndGlobalSection
	GlobalSection(ExtensibilityGlobals) = postSolution
		SolutionGuid = {96CE7E9F-7E2E-42D1-A91F-FEFC4502F111}
	EndGlobalSection
EndGlobal
