
Microsoft Visual Studio Solution File, Format Version 12.00
# Visual Studio Version 17
VisualStudioVersion = 17.10.35122.118
MinimumVisualStudioVersion = 10.0.40219.1
Project("{FAE04EC0-301F-11D3-BF4B-00C04F79EFBC}") = "ImageTagHelpers", "ImageTagHelpers.csproj", "{D9E9A66C-A34F-4A00-9822-D4D4FAAA0CBD}"
EndProject
Global
	GlobalSection(SolutionConfigurationPlatforms) = preSolution
		Debug|Any CPU = Debug|Any CPU
		Release|Any CPU = Release|Any CPU
	EndGlobalSection
	GlobalSection(ProjectConfigurationPlatforms) = postSolution
		{D9E9A66C-A34F-4A00-9822-D4D4FAAA0CBD}.Debug|Any CPU.ActiveCfg = Debug|Any CPU
		{D9E9A66C-A34F-4A00-9822-D4D4FAAA0CBD}.Debug|Any CPU.Build.0 = Debug|Any CPU
		{D9E9A66C-A34F-4A00-9822-D4D4FAAA0CBD}.Release|Any CPU.ActiveCfg = Release|Any CPU
		{D9E9A66C-A34F-4A00-9822-D4D4FAAA0CBD}.Release|Any CPU.Build.0 = Release|Any CPU
	EndGlobalSection
	GlobalSection(SolutionProperties) = preSolution
		HideSolutionNode = FALSE
	EndGlobalSection
	GlobalSection(ExtensibilityGlobals) = postSolution
		SolutionGuid = {466CADA2-3794-4662-B933-028D0A4CAAB4}
	EndGlobalSection
EndGlobal
