
Microsoft Visual Studio Solution File, Format Version 12.00
# Visual Studio Version 17
VisualStudioVersion = 17.10.35122.118
MinimumVisualStudioVersion = 10.0.40219.1
Project("{FAE04EC0-301F-11D3-BF4B-00C04F79EFBC}") = "InstallingBootstrap", "InstallingBootstrap\InstallingBootstrap.csproj", "{CACD4E3B-1DAB-4391-8021-BA2154128D2B}"
EndProject
Global
	GlobalSection(SolutionConfigurationPlatforms) = preSolution
		Debug|Any CPU = Debug|Any CPU
		Release|Any CPU = Release|Any CPU
	EndGlobalSection
	GlobalSection(ProjectConfigurationPlatforms) = postSolution
		{CACD4E3B-1DAB-4391-8021-BA2154128D2B}.Debug|Any CPU.ActiveCfg = Debug|Any CPU
		{CACD4E3B-1DAB-4391-8021-BA2154128D2B}.Debug|Any CPU.Build.0 = Debug|Any CPU
		{CACD4E3B-1DAB-4391-8021-BA2154128D2B}.Release|Any CPU.ActiveCfg = Release|Any CPU
		{CACD4E3B-1DAB-4391-8021-BA2154128D2B}.Release|Any CPU.Build.0 = Release|Any CPU
	EndGlobalSection
	GlobalSection(SolutionProperties) = preSolution
		HideSolutionNode = FALSE
	EndGlobalSection
	GlobalSection(ExtensibilityGlobals) = postSolution
		SolutionGuid = {47CC4A5E-4C9E-4D53-97DC-77E4466C055F}
	EndGlobalSection
EndGlobal
